
Microsoft Visual Studio Solution File, Format Version 12.00
# Visual Studio Version 17
VisualStudioVersion = 17.2.32616.157
MinimumVisualStudioVersion = 10.0.40219.1
Project("{9A19103F-16F7-4668-BE54-9A1E7A4F7556}") = "Combinations", "Combinations\Combinations.csproj", "{911B06E7-604E-4857-8E3F-65F70B831344}"
EndProject
Project("{9A19103F-16F7-4668-BE54-9A1E7A4F7556}") = "Combinations.Tests", "Combinations.Tests\Combinations.Tests.csproj", "{89AE241E-B5BD-431E-AB6B-05DF3BC034C3}"
EndProject
Project("{FAE04EC0-301F-11D3-BF4B-00C04F79EFBC}") = "Solving", "Solving\Solving.csproj", "{C228692F-052D-4E09-880D-8DC070DC067B}"
EndProject
Global
	GlobalSection(SolutionConfigurationPlatforms) = preSolution
		Debug|Any CPU = Debug|Any CPU
		Release|Any CPU = Release|Any CPU
	EndGlobalSection
	GlobalSection(ProjectConfigurationPlatforms) = postSolution
		{911B06E7-604E-4857-8E3F-65F70B831344}.Debug|Any CPU.ActiveCfg = Debug|Any CPU
		{911B06E7-604E-4857-8E3F-65F70B831344}.Debug|Any CPU.Build.0 = Debug|Any CPU
		{911B06E7-604E-4857-8E3F-65F70B831344}.Release|Any CPU.ActiveCfg = Release|Any CPU
		{911B06E7-604E-4857-8E3F-65F70B831344}.Release|Any CPU.Build.0 = Release|Any CPU
		{89AE241E-B5BD-431E-AB6B-05DF3BC034C3}.Debug|Any CPU.ActiveCfg = Debug|Any CPU
		{89AE241E-B5BD-431E-AB6B-05DF3BC034C3}.Debug|Any CPU.Build.0 = Debug|Any CPU
		{89AE241E-B5BD-431E-AB6B-05DF3BC034C3}.Release|Any CPU.ActiveCfg = Release|Any CPU
		{89AE241E-B5BD-431E-AB6B-05DF3BC034C3}.Release|Any CPU.Build.0 = Release|Any CPU
		{C228692F-052D-4E09-880D-8DC070DC067B}.Debug|Any CPU.ActiveCfg = Debug|Any CPU
		{C228692F-052D-4E09-880D-8DC070DC067B}.Debug|Any CPU.Build.0 = Debug|Any CPU
		{C228692F-052D-4E09-880D-8DC070DC067B}.Release|Any CPU.ActiveCfg = Release|Any CPU
		{C228692F-052D-4E09-880D-8DC070DC067B}.Release|Any CPU.Build.0 = Release|Any CPU
	EndGlobalSection
	GlobalSection(SolutionProperties) = preSolution
		HideSolutionNode = FALSE
	EndGlobalSection
	GlobalSection(ExtensibilityGlobals) = postSolution
		SolutionGuid = {D5750F11-B0E2-4FCD-A2B9-901BDF83E691}
	EndGlobalSection
EndGlobal
